
Microsoft Visual Studio Solution File, Format Version 12.00
# Visual Studio 15
VisualStudioVersion = 15.0.28307.271
MinimumVisualStudioVersion = 10.0.40219.1
Project("{FAE04EC0-301F-11D3-BF4B-00C04F79EFBC}") = "WhiteBoard", "Whiteboard Solutions\WhiteBoard.csproj", "{DF8CB2CB-66F5-405A-85AD-B4EF5932E958}"
EndProject
Project("{FAE04EC0-301F-11D3-BF4B-00C04F79EFBC}") = "CodeWars", "CodeWars\CodeWars.csproj", "{D3C6A29D-372D-4518-882D-D856B0EDC3E7}"
EndProject
Project("{FAE04EC0-301F-11D3-BF4B-00C04F79EFBC}") = "Sorts", "Sorts\Sorts.csproj", "{1006C084-9335-41CF-8A2B-F9DCDAB40D51}"
EndProject
Global
	GlobalSection(SolutionConfigurationPlatforms) = preSolution
		Debug|Any CPU = Debug|Any CPU
		Release|Any CPU = Release|Any CPU
	EndGlobalSection
	GlobalSection(ProjectConfigurationPlatforms) = postSolution
		{DF8CB2CB-66F5-405A-85AD-B4EF5932E958}.Debug|Any CPU.ActiveCfg = Debug|Any CPU
		{DF8CB2CB-66F5-405A-85AD-B4EF5932E958}.Debug|Any CPU.Build.0 = Debug|Any CPU
		{DF8CB2CB-66F5-405A-85AD-B4EF5932E958}.Release|Any CPU.ActiveCfg = Release|Any CPU
		{DF8CB2CB-66F5-405A-85AD-B4EF5932E958}.Release|Any CPU.Build.0 = Release|Any CPU
		{D3C6A29D-372D-4518-882D-D856B0EDC3E7}.Debug|Any CPU.ActiveCfg = Debug|Any CPU
		{D3C6A29D-372D-4518-882D-D856B0EDC3E7}.Debug|Any CPU.Build.0 = Debug|Any CPU
		{D3C6A29D-372D-4518-882D-D856B0EDC3E7}.Release|Any CPU.ActiveCfg = Release|Any CPU
		{D3C6A29D-372D-4518-882D-D856B0EDC3E7}.Release|Any CPU.Build.0 = Release|Any CPU
		{1006C084-9335-41CF-8A2B-F9DCDAB40D51}.Debug|Any CPU.ActiveCfg = Debug|Any CPU
		{1006C084-9335-41CF-8A2B-F9DCDAB40D51}.Debug|Any CPU.Build.0 = Debug|Any CPU
		{1006C084-9335-41CF-8A2B-F9DCDAB40D51}.Release|Any CPU.ActiveCfg = Release|Any CPU
		{1006C084-9335-41CF-8A2B-F9DCDAB40D51}.Release|Any CPU.Build.0 = Release|Any CPU
	EndGlobalSection
	GlobalSection(SolutionProperties) = preSolution
		HideSolutionNode = FALSE
	EndGlobalSection
	GlobalSection(ExtensibilityGlobals) = postSolution
		SolutionGuid = {0864D1C5-8F61-4C8A-98BA-BFC7EA16D26D}
	EndGlobalSection
EndGlobal
